
Microsoft Visual Studio Solution File, Format Version 12.00
# Visual Studio Version 17
VisualStudioVersion = 17.2.32630.192
MinimumVisualStudioVersion = 10.0.40219.1
Project("{FAE04EC0-301F-11D3-BF4B-00C04F79EFBC}") = "ThAmCo.Web", "ThAmCo.Web\ThAmCo.Web.csproj", "{8ABBC58F-BD03-43E3-B3FB-7FB9E30564AB}"
EndProject
Global
	GlobalSection(SolutionConfigurationPlatforms) = preSolution
		Debug|Any CPU = Debug|Any CPU
		Release|Any CPU = Release|Any CPU
	EndGlobalSection
	GlobalSection(ProjectConfigurationPlatforms) = postSolution
		{8ABBC58F-BD03-43E3-B3FB-7FB9E30564AB}.Debug|Any CPU.ActiveCfg = Debug|Any CPU
		{8ABBC58F-BD03-43E3-B3FB-7FB9E30564AB}.Debug|Any CPU.Build.0 = Debug|Any CPU
		{8ABBC58F-BD03-43E3-B3FB-7FB9E30564AB}.Release|Any CPU.ActiveCfg = Release|Any CPU
		{8ABBC58F-BD03-43E3-B3FB-7FB9E30564AB}.Release|Any CPU.Build.0 = Release|Any CPU
	EndGlobalSection
	GlobalSection(SolutionProperties) = preSolution
		HideSolutionNode = FALSE
	EndGlobalSection
	GlobalSection(ExtensibilityGlobals) = postSolution
		SolutionGuid = {831825DA-56F6-4DB2-97B7-DAF6C6D42278}
	EndGlobalSection
EndGlobal
